<?xml version="1.0" encoding="utf-8"?>
<Project ToolsVersion="4.0" xmlns="http://schemas.microsoft.com/developer/msbuild/2003">
  <ItemGroup>
    <Filter Include="源文件">
      <UniqueIdentifier>{4FC737F1-C7A5-4376-A066-2A32D752A2FF}</UniqueIdentifier>
      <Extensions>cpp;c;cc;cxx;def;odl;idl;hpj;bat;asm;asmx</Extensions>
    </Filter>
    <Filter Include="头文件">
      <UniqueIdentifier>{93995380-89BD-4b04-88EB-625FBE52EBFB}</UniqueIdentifier>
      <Extensions>h;hh;hpp;hxx;hm;inl;inc;ipp;xsd</Extensions>
    </Filter>
    <Filter Include="资源文件">
      <UniqueIdentifier>{67DA6AB6-F800-4c08-8B7A-83BB121AAD01}</UniqueIdentifier>
      <Extensions>rc;ico;cur;bmp;dlg;rc2;rct;bin;rgs;gif;jpg;jpeg;jpe;resx;tiff;tif;png;wav;mfcribbon-ms</Extensions>
    </Filter>
  </ItemGroup>
  <ItemGroup>
    <ClCompile Include="filter.cpp">
      <Filter>头文件</Filter>
    </ClCompile>
    <ClCompile Include="22070110_LN7_m2.cpp">
      <Filter>源文件</Filter>
    </ClCompile>
    <ClCompile Include="22070110_LN7_m3.cpp">
      <Filter>源文件</Filter>
    </ClCompile>
    <ClCompile Include="readjpg.cpp">
      <Filter>源文件</Filter>
    </ClCompile>
    <ClCompile Include="22041504_S51_m2.cpp">
      <Filter>源文件</Filter>
    </ClCompile>
    <ClCompile Include="22041504_S51_m1.cpp">
      <Filter>源文件</Filter>
    </ClCompile>
    <ClCompile Include="22041504_S51_m3.cpp">
      <Filter>源文件</Filter>
    </ClCompile>
    <ClCompile Include="get_image.cpp">
      <Filter>头文件</Filter>
    </ClCompile>
    <ClCompile Include="line.cpp">
      <Filter>头文件</Filter>
    </ClCompile>
    <ClCompile Include="handain.cpp">
      <Filter>头文件</Filter>
    </ClCompile>
    <ClCompile Include="image.cpp">
      <Filter>头文件</Filter>
    </ClCompile>
    <ClCompile Include="example_threadpool.cpp">
      <Filter>源文件</Filter>
    </ClCompile>
  </ItemGroup>
  <ItemGroup>
    <ClInclude Include="turnline.h">
      <Filter>头文件</Filter>
    </ClInclude>
    <ClInclude Include="threadpool.h">
      <Filter>头文件</Filter>
    </ClInclude>
    <ClInclude Include="int_point.h">
      <Filter>头文件</Filter>
    </ClInclude>
    <ClInclude Include="filter.h">
      <Filter>头文件</Filter>
    </ClInclude>
    <ClInclude Include="line.h">
      <Filter>头文件</Filter>
    </ClInclude>
    <ClInclude Include="get_image.h">
      <Filter>头文件</Filter>
    </ClInclude>
    <ClInclude Include="handian.h">
      <Filter>头文件</Filter>
    </ClInclude>
    <ClInclude Include="image.h">
      <Filter>头文件</Filter>
    </ClInclude>
  </ItemGroup>
</Project>